# This file is automatically @generated by Cargo.
# It is not intended for manual editing.
[[package]]
name = "datafrog"
version = "2.0.1"
source = "registry+https://github.com/rust-lang/crates.io-index"
checksum = "a0afaad2b26fa326569eb264b1363e8ae3357618c43982b3f285f0774ce76b69"

[[package]]
name = "live_analysis"
version = "0.1.0"
dependencies = [
 "datafrog",
]
